// !$*UTF8*$!
{
	archiveVersion = 1;
	classes = {
	};
	objectVersion = 56;
	objects = {

/* Begin PBXBuildFile section */
		01FD45952A4AD98B00E2B75C /* AppDelegate.swift in Sources */ = {isa = PBXBuildFile; fileRef = 01FD45942A4AD98B00E2B75C /* AppDelegate.swift */; };
		01FD45972A4AD98B00E2B75C /* SceneDelegate.swift in Sources */ = {isa = PBXBuildFile; fileRef = 01FD45962A4AD98B00E2B75C /* SceneDelegate.swift */; };
		01FD45992A4AD98B00E2B75C /* ViewController.swift in Sources */ = {isa = PBXBuildFile; fileRef = 01FD45982A4AD98B00E2B75C /* ViewController.swift */; };
		01FD459E2A4AD98D00E2B75C /* Assets.xcassets in Resources */ = {isa = PBXBuildFile; fileRef = 01FD459D2A4AD98D00E2B75C /* Assets.xcassets */; };
		01FD45A12A4AD98D00E2B75C /* LaunchScreen.storyboard in Resources */ = {isa = PBXBuildFile; fileRef = 01FD459F2A4AD98D00E2B75C /* LaunchScreen.storyboard */; };
		01FD45AA2A4AE81400E2B75C /* Character.swift in Sources */ = {isa = PBXBuildFile; fileRef = 01FD45A92A4AE81400E2B75C /* Character.swift */; };
		01FD45AD2A4AE86500E2B75C /* UIImage+Extentions.swift.swift in Sources */ = {isa = PBXBuildFile; fileRef = 01FD45AC2A4AE86500E2B75C /* UIImage+Extentions.swift.swift */; };
		01FD45AF2A4AE99800E2B75C /* DetailsViewController.swift in Sources */ = {isa = PBXBuildFile; fileRef = 01FD45AE2A4AE99800E2B75C /* DetailsViewController.swift */; };
		01FD45B12A4AEE7800E2B75C /* UIColor+Extensions.swift in Sources */ = {isa = PBXBuildFile; fileRef = 01FD45B02A4AEE7800E2B75C /* UIColor+Extensions.swift */; };
		01FD45B52A4B124300E2B75C /* UILabel+Extensions.swift in Sources */ = {isa = PBXBuildFile; fileRef = 01FD45B42A4B124300E2B75C /* UILabel+Extensions.swift */; };
		01FD45B72A4B226A00E2B75C /* UIView+Extensions.swift in Sources */ = {isa = PBXBuildFile; fileRef = 01FD45B62A4B226A00E2B75C /* UIView+Extensions.swift */; };
		01FD45BA2A4F1C9600E2B75C /* APITarget.swift in Sources */ = {isa = PBXBuildFile; fileRef = 01FD45B92A4F1C9600E2B75C /* APITarget.swift */; };
		01FD45BC2A4F1CAB00E2B75C /* NetworkManger.swift in Sources */ = {isa = PBXBuildFile; fileRef = 01FD45BB2A4F1CAB00E2B75C /* NetworkManger.swift */; };
		01FD45BF2A4F1CD700E2B75C /* RickResponceModel.swift in Sources */ = {isa = PBXBuildFile; fileRef = 01FD45BE2A4F1CD700E2B75C /* RickResponceModel.swift */; };
		01FD45C12A4F3FD000E2B75C /* UIImageView+Extensions.swift in Sources */ = {isa = PBXBuildFile; fileRef = 01FD45C02A4F3FD000E2B75C /* UIImageView+Extensions.swift */; };
		1082B01AFA77E78F8DB17479 /* Pods_Ricked.framework in Frameworks */ = {isa = PBXBuildFile; fileRef = 6BC987CDFA16BD84DC43F3DF /* Pods_Ricked.framework */; };
/* End PBXBuildFile section */

/* Begin PBXFileReference section */
		01FD45912A4AD98B00E2B75C /* Ricked.app */ = {isa = PBXFileReference; explicitFileType = wrapper.application; includeInIndex = 0; path = Ricked.app; sourceTree = BUILT_PRODUCTS_DIR; };
		01FD45942A4AD98B00E2B75C /* AppDelegate.swift */ = {isa = PBXFileReference; lastKnownFileType = sourcecode.swift; path = AppDelegate.swift; sourceTree = "<group>"; };
		01FD45962A4AD98B00E2B75C /* SceneDelegate.swift */ = {isa = PBXFileReference; lastKnownFileType = sourcecode.swift; path = SceneDelegate.swift; sourceTree = "<group>"; };
		01FD45982A4AD98B00E2B75C /* ViewController.swift */ = {isa = PBXFileReference; lastKnownFileType = sourcecode.swift; path = ViewController.swift; sourceTree = "<group>"; };
		01FD459D2A4AD98D00E2B75C /* Assets.xcassets */ = {isa = PBXFileReference; lastKnownFileType = folder.assetcatalog; path = Assets.xcassets; sourceTree = "<group>"; };
		01FD45A02A4AD98D00E2B75C /* Base */ = {isa = PBXFileReference; lastKnownFileType = file.storyboard; name = Base; path = Base.lproj/LaunchScreen.storyboard; sourceTree = "<group>"; };
		01FD45A22A4AD98D00E2B75C /* Info.plist */ = {isa = PBXFileReference; lastKnownFileType = text.plist.xml; path = Info.plist; sourceTree = "<group>"; };
		01FD45A92A4AE81400E2B75C /* Character.swift */ = {isa = PBXFileReference; fileEncoding = 4; lastKnownFileType = sourcecode.swift; path = Character.swift; sourceTree = "<group>"; };
		01FD45AC2A4AE86500E2B75C /* UIImage+Extentions.swift.swift */ = {isa = PBXFileReference; lastKnownFileType = sourcecode.swift; path = "UIImage+Extentions.swift.swift"; sourceTree = "<group>"; };
		01FD45AE2A4AE99800E2B75C /* DetailsViewController.swift */ = {isa = PBXFileReference; lastKnownFileType = sourcecode.swift; path = DetailsViewController.swift; sourceTree = "<group>"; };
		01FD45B02A4AEE7800E2B75C /* UIColor+Extensions.swift */ = {isa = PBXFileReference; lastKnownFileType = sourcecode.swift; path = "UIColor+Extensions.swift"; sourceTree = "<group>"; };
		01FD45B42A4B124300E2B75C /* UILabel+Extensions.swift */ = {isa = PBXFileReference; lastKnownFileType = sourcecode.swift; path = "UILabel+Extensions.swift"; sourceTree = "<group>"; };
		01FD45B62A4B226A00E2B75C /* UIView+Extensions.swift */ = {isa = PBXFileReference; lastKnownFileType = sourcecode.swift; path = "UIView+Extensions.swift"; sourceTree = "<group>"; };
		01FD45B92A4F1C9600E2B75C /* APITarget.swift */ = {isa = PBXFileReference; lastKnownFileType = sourcecode.swift; path = APITarget.swift; sourceTree = "<group>"; };
		01FD45BB2A4F1CAB00E2B75C /* NetworkManger.swift */ = {isa = PBXFileReference; lastKnownFileType = sourcecode.swift; path = NetworkManger.swift; sourceTree = "<group>"; };
		01FD45BE2A4F1CD700E2B75C /* RickResponceModel.swift */ = {isa = PBXFileReference; lastKnownFileType = sourcecode.swift; path = RickResponceModel.swift; sourceTree = "<group>"; };
		01FD45C02A4F3FD000E2B75C /* UIImageView+Extensions.swift */ = {isa = PBXFileReference; lastKnownFileType = sourcecode.swift; path = "UIImageView+Extensions.swift"; sourceTree = "<group>"; };
		333645FD87429945CD29CF55 /* Pods-Ricked.debug.xcconfig */ = {isa = PBXFileReference; includeInIndex = 1; lastKnownFileType = text.xcconfig; name = "Pods-Ricked.debug.xcconfig"; path = "Target Support Files/Pods-Ricked/Pods-Ricked.debug.xcconfig"; sourceTree = "<group>"; };
		521A1513479875DD09CF087B /* Pods-Ricked.release.xcconfig */ = {isa = PBXFileReference; includeInIndex = 1; lastKnownFileType = text.xcconfig; name = "Pods-Ricked.release.xcconfig"; path = "Target Support Files/Pods-Ricked/Pods-Ricked.release.xcconfig"; sourceTree = "<group>"; };
		6BC987CDFA16BD84DC43F3DF /* Pods_Ricked.framework */ = {isa = PBXFileReference; explicitFileType = wrapper.framework; includeInIndex = 0; path = Pods_Ricked.framework; sourceTree = BUILT_PRODUCTS_DIR; };
/* End PBXFileReference section */

/* Begin PBXFrameworksBuildPhase section */
		01FD458E2A4AD98B00E2B75C /* Frameworks */ = {
			isa = PBXFrameworksBuildPhase;
			buildActionMask = 2147483647;
			files = (
				1082B01AFA77E78F8DB17479 /* Pods_Ricked.framework in Frameworks */,
			);
			runOnlyForDeploymentPostprocessing = 0;
		};
/* End PBXFrameworksBuildPhase section */

/* Begin PBXGroup section */
		01FD45882A4AD98B00E2B75C = {
			isa = PBXGroup;
			children = (
				01FD45932A4AD98B00E2B75C /* Ricked */,
				01FD45922A4AD98B00E2B75C /* Products */,
				590437A777CC26BA6F2863B5 /* Pods */,
				C11116C02582655F32A7CE99 /* Frameworks */,
			);
			sourceTree = "<group>";
		};
		01FD45922A4AD98B00E2B75C /* Products */ = {
			isa = PBXGroup;
			children = (
				01FD45912A4AD98B00E2B75C /* Ricked.app */,
			);
			name = Products;
			sourceTree = "<group>";
		};
		01FD45932A4AD98B00E2B75C /* Ricked */ = {
			isa = PBXGroup;
			children = (
				01FD45C22A4F558300E2B75C /* Views */,
				01FD45BD2A4F1CC000E2B75C /* ResponceModels */,
				01FD45B82A4F1C4B00E2B75C /* Services */,
				01FD45AB2A4AE85200E2B75C /* Extensions */,
				01FD45A82A4AE7EE00E2B75C /* Models */,
				01FD45942A4AD98B00E2B75C /* AppDelegate.swift */,
				01FD45962A4AD98B00E2B75C /* SceneDelegate.swift */,
				01FD459D2A4AD98D00E2B75C /* Assets.xcassets */,
				01FD459F2A4AD98D00E2B75C /* LaunchScreen.storyboard */,
				01FD45A22A4AD98D00E2B75C /* Info.plist */,
			);
			path = Ricked;
			sourceTree = "<group>";
		};
		01FD45A82A4AE7EE00E2B75C /* Models */ = {
			isa = PBXGroup;
			children = (
				01FD45A92A4AE81400E2B75C /* Character.swift */,
			);
			path = Models;
			sourceTree = "<group>";
		};
		01FD45AB2A4AE85200E2B75C /* Extensions */ = {
			isa = PBXGroup;
			children = (
				01FD45AC2A4AE86500E2B75C /* UIImage+Extentions.swift.swift */,
				01FD45B02A4AEE7800E2B75C /* UIColor+Extensions.swift */,
				01FD45B42A4B124300E2B75C /* UILabel+Extensions.swift */,
				01FD45B62A4B226A00E2B75C /* UIView+Extensions.swift */,
				01FD45C02A4F3FD000E2B75C /* UIImageView+Extensions.swift */,
			);
			path = Extensions;
			sourceTree = "<group>";
		};
		01FD45B82A4F1C4B00E2B75C /* Services */ = {
			isa = PBXGroup;
			children = (
				01FD45B92A4F1C9600E2B75C /* APITarget.swift */,
				01FD45BB2A4F1CAB00E2B75C /* NetworkManger.swift */,
			);
			path = Services;
			sourceTree = "<group>";
		};
		01FD45BD2A4F1CC000E2B75C /* ResponceModels */ = {
			isa = PBXGroup;
			children = (
				01FD45BE2A4F1CD700E2B75C /* RickResponceModel.swift */,
			);
			path = ResponceModels;
			sourceTree = "<group>";
		};
		01FD45C22A4F558300E2B75C /* Views */ = {
			isa = PBXGroup;
			children = (
				01FD45AE2A4AE99800E2B75C /* DetailsViewController.swift */,
				01FD45982A4AD98B00E2B75C /* ViewController.swift */,
			);
			path = Views;
			sourceTree = "<group>";
		};
		590437A777CC26BA6F2863B5 /* Pods */ = {
			isa = PBXGroup;
			children = (
				333645FD87429945CD29CF55 /* Pods-Ricked.debug.xcconfig */,
				521A1513479875DD09CF087B /* Pods-Ricked.release.xcconfig */,
			);
			path = Pods;
			sourceTree = "<group>";
		};
		C11116C02582655F32A7CE99 /* Frameworks */ = {
			isa = PBXGroup;
			children = (
				6BC987CDFA16BD84DC43F3DF /* Pods_Ricked.framework */,
			);
			name = Frameworks;
			sourceTree = "<group>";
		};
/* End PBXGroup section */

/* Begin PBXNativeTarget section */
		01FD45902A4AD98B00E2B75C /* Ricked */ = {
			isa = PBXNativeTarget;
			buildConfigurationList = 01FD45A52A4AD98D00E2B75C /* Build configuration list for PBXNativeTarget "Ricked" */;
			buildPhases = (
				4CB6C360567CB96C15F6D793 /* [CP] Check Pods Manifest.lock */,
				01FD458D2A4AD98B00E2B75C /* Sources */,
				01FD458E2A4AD98B00E2B75C /* Frameworks */,
				01FD458F2A4AD98B00E2B75C /* Resources */,
				715F7147E2E55AE819555D3A /* [CP] Embed Pods Frameworks */,
			);
			buildRules = (
			);
			dependencies = (
			);
			name = Ricked;
			productName = Ricked;
			productReference = 01FD45912A4AD98B00E2B75C /* Ricked.app */;
			productType = "com.apple.product-type.application";
		};
/* End PBXNativeTarget section */

/* Begin PBXProject section */
		01FD45892A4AD98B00E2B75C /* Project object */ = {
			isa = PBXProject;
			attributes = {
				BuildIndependentTargetsInParallel = 1;
				LastSwiftUpdateCheck = 1430;
				LastUpgradeCheck = 1430;
				TargetAttributes = {
					01FD45902A4AD98B00E2B75C = {
						CreatedOnToolsVersion = 14.3.1;
					};
				};
			};
			buildConfigurationList = 01FD458C2A4AD98B00E2B75C /* Build configuration list for PBXProject "Ricked" */;
			compatibilityVersion = "Xcode 14.0";
			developmentRegion = en;
			hasScannedForEncodings = 0;
			knownRegions = (
				en,
				Base,
			);
			mainGroup = 01FD45882A4AD98B00E2B75C;
			productRefGroup = 01FD45922A4AD98B00E2B75C /* Products */;
			projectDirPath = "";
			projectRoot = "";
			targets = (
				01FD45902A4AD98B00E2B75C /* Ricked */,
			);
		};
/* End PBXProject section */

/* Begin PBXResourcesBuildPhase section */
		01FD458F2A4AD98B00E2B75C /* Resources */ = {
			isa = PBXResourcesBuildPhase;
			buildActionMask = 2147483647;
			files = (
				01FD45A12A4AD98D00E2B75C /* LaunchScreen.storyboard in Resources */,
				01FD459E2A4AD98D00E2B75C /* Assets.xcassets in Resources */,
			);
			runOnlyForDeploymentPostprocessing = 0;
		};
/* End PBXResourcesBuildPhase section */

/* Begin PBXShellScriptBuildPhase section */
		4CB6C360567CB96C15F6D793 /* [CP] Check Pods Manifest.lock */ = {
			isa = PBXShellScriptBuildPhase;
			buildActionMask = 2147483647;
			files = (
			);
			inputFileListPaths = (
			);
			inputPaths = (
				"${PODS_PODFILE_DIR_PATH}/Podfile.lock",
				"${PODS_ROOT}/Manifest.lock",
			);
			name = "[CP] Check Pods Manifest.lock";
			outputFileListPaths = (
			);
			outputPaths = (
				"$(DERIVED_FILE_DIR)/Pods-Ricked-checkManifestLockResult.txt",
			);
			runOnlyForDeploymentPostprocessing = 0;
			shellPath = /bin/sh;
			shellScript = "diff \"${PODS_PODFILE_DIR_PATH}/Podfile.lock\" \"${PODS_ROOT}/Manifest.lock\" > /dev/null\nif [ $? != 0 ] ; then\n    # print error to STDERR\n    echo \"error: The sandbox is not in sync with the Podfile.lock. Run 'pod install' or update your CocoaPods installation.\" >&2\n    exit 1\nfi\n# This output is used by Xcode 'outputs' to avoid re-running this script phase.\necho \"SUCCESS\" > \"${SCRIPT_OUTPUT_FILE_0}\"\n";
			showEnvVarsInLog = 0;
		};
		715F7147E2E55AE819555D3A /* [CP] Embed Pods Frameworks */ = {
			isa = PBXShellScriptBuildPhase;
			buildActionMask = 2147483647;
			files = (
			);
			inputFileListPaths = (
				"${PODS_ROOT}/Target Support Files/Pods-Ricked/Pods-Ricked-frameworks-${CONFIGURATION}-input-files.xcfilelist",
			);
			name = "[CP] Embed Pods Frameworks";
			outputFileListPaths = (
				"${PODS_ROOT}/Target Support Files/Pods-Ricked/Pods-Ricked-frameworks-${CONFIGURATION}-output-files.xcfilelist",
			);
			runOnlyForDeploymentPostprocessing = 0;
			shellPath = /bin/sh;
			shellScript = "\"${PODS_ROOT}/Target Support Files/Pods-Ricked/Pods-Ricked-frameworks.sh\"\n";
			showEnvVarsInLog = 0;
		};
/* End PBXShellScriptBuildPhase section */

/* Begin PBXSourcesBuildPhase section */
		01FD458D2A4AD98B00E2B75C /* Sources */ = {
			isa = PBXSourcesBuildPhase;
			buildActionMask = 2147483647;
			files = (
				01FD45C12A4F3FD000E2B75C /* UIImageView+Extensions.swift in Sources */,
				01FD45BC2A4F1CAB00E2B75C /* NetworkManger.swift in Sources */,
				01FD45992A4AD98B00E2B75C /* ViewController.swift in Sources */,
				01FD45B52A4B124300E2B75C /* UILabel+Extensions.swift in Sources */,
				01FD45B12A4AEE7800E2B75C /* UIColor+Extensions.swift in Sources */,
				01FD45BA2A4F1C9600E2B75C /* APITarget.swift in Sources */,
				01FD45AD2A4AE86500E2B75C /* UIImage+Extentions.swift.swift in Sources */,
				01FD45AA2A4AE81400E2B75C /* Character.swift in Sources */,
				01FD45BF2A4F1CD700E2B75C /* RickResponceModel.swift in Sources */,
				01FD45B72A4B226A00E2B75C /* UIView+Extensions.swift in Sources */,
				01FD45952A4AD98B00E2B75C /* AppDelegate.swift in Sources */,
				01FD45972A4AD98B00E2B75C /* SceneDelegate.swift in Sources */,
				01FD45AF2A4AE99800E2B75C /* DetailsViewController.swift in Sources */,
			);
			runOnlyForDeploymentPostprocessing = 0;
		};
/* End PBXSourcesBuildPhase section */

/* Begin PBXVariantGroup section */
		01FD459F2A4AD98D00E2B75C /* LaunchScreen.storyboard */ = {
			isa = PBXVariantGroup;
			children = (
				01FD45A02A4AD98D00E2B75C /* Base */,
			);
			name = LaunchScreen.storyboard;
			sourceTree = "<group>";
		};
/* End PBXVariantGroup section */

/* Begin XCBuildConfiguration section */
		01FD45A32A4AD98D00E2B75C /* Debug */ = {
			isa = XCBuildConfiguration;
			buildSettings = {
				ALWAYS_SEARCH_USER_PATHS = NO;
				CLANG_ANALYZER_NONNULL = YES;
				CLANG_ANALYZER_NUMBER_OBJECT_CONVERSION = YES_AGGRESSIVE;
				CLANG_CXX_LANGUAGE_STANDARD = "gnu++20";
				CLANG_ENABLE_MODULES = YES;
				CLANG_ENABLE_OBJC_ARC = YES;
				CLANG_ENABLE_OBJC_WEAK = YES;
				CLANG_WARN_BLOCK_CAPTURE_AUTORELEASING = YES;
				CLANG_WARN_BOOL_CONVERSION = YES;
				CLANG_WARN_COMMA = YES;
				CLANG_WARN_CONSTANT_CONVERSION = YES;
				CLANG_WARN_DEPRECATED_OBJC_IMPLEMENTATIONS = YES;
				CLANG_WARN_DIRECT_OBJC_ISA_USAGE = YES_ERROR;
				CLANG_WARN_DOCUMENTATION_COMMENTS = YES;
				CLANG_WARN_EMPTY_BODY = YES;
				CLANG_WARN_ENUM_CONVERSION = YES;
				CLANG_WARN_INFINITE_RECURSION = YES;
				CLANG_WARN_INT_CONVERSION = YES;
				CLANG_WARN_NON_LITERAL_NULL_CONVERSION = YES;
				CLANG_WARN_OBJC_IMPLICIT_RETAIN_SELF = YES;
				CLANG_WARN_OBJC_LITERAL_CONVERSION = YES;
				CLANG_WARN_OBJC_ROOT_CLASS = YES_ERROR;
				CLANG_WARN_QUOTED_INCLUDE_IN_FRAMEWORK_HEADER = YES;
				CLANG_WARN_RANGE_LOOP_ANALYSIS = YES;
				CLANG_WARN_STRICT_PROTOTYPES = YES;
				CLANG_WARN_SUSPICIOUS_MOVE = YES;
				CLANG_WARN_UNGUARDED_AVAILABILITY = YES_AGGRESSIVE;
				CLANG_WARN_UNREACHABLE_CODE = YES;
				CLANG_WARN__DUPLICATE_METHOD_MATCH = YES;
				COPY_PHASE_STRIP = NO;
				DEBUG_INFORMATION_FORMAT = dwarf;
				ENABLE_STRICT_OBJC_MSGSEND = YES;
				ENABLE_TESTABILITY = YES;
				GCC_C_LANGUAGE_STANDARD = gnu11;
				GCC_DYNAMIC_NO_PIC = NO;
				GCC_NO_COMMON_BLOCKS = YES;
				GCC_OPTIMIZATION_LEVEL = 0;
				GCC_PREPROCESSOR_DEFINITIONS = (
					"DEBUG=1",
					"$(inherited)",
				);
				GCC_WARN_64_TO_32_BIT_CONVERSION = YES;
				GCC_WARN_ABOUT_RETURN_TYPE = YES_ERROR;
				GCC_WARN_UNDECLARED_SELECTOR = YES;
				GCC_WARN_UNINITIALIZED_AUTOS = YES_AGGRESSIVE;
				GCC_WARN_UNUSED_FUNCTION = YES;
				GCC_WARN_UNUSED_VARIABLE = YES;
				IPHONEOS_DEPLOYMENT_TARGET = 16.4;
				MTL_ENABLE_DEBUG_INFO = INCLUDE_SOURCE;
				MTL_FAST_MATH = YES;
				ONLY_ACTIVE_ARCH = YES;
				SDKROOT = iphoneos;
				SWIFT_ACTIVE_COMPILATION_CONDITIONS = DEBUG;
				SWIFT_OPTIMIZATION_LEVEL = "-Onone";
			};
			name = Debug;
		};
		01FD45A42A4AD98D00E2B75C /* Release */ = {
			isa = XCBuildConfiguration;
			buildSettings = {
				ALWAYS_SEARCH_USER_PATHS = NO;
				CLANG_ANALYZER_NONNULL = YES;
				CLANG_ANALYZER_NUMBER_OBJECT_CONVERSION = YES_AGGRESSIVE;
				CLANG_CXX_LANGUAGE_STANDARD = "gnu++20";
				CLANG_ENABLE_MODULES = YES;
				CLANG_ENABLE_OBJC_ARC = YES;
				CLANG_ENABLE_OBJC_WEAK = YES;
				CLANG_WARN_BLOCK_CAPTURE_AUTORELEASING = YES;
				CLANG_WARN_BOOL_CONVERSION = YES;
				CLANG_WARN_COMMA = YES;
				CLANG_WARN_CONSTANT_CONVERSION = YES;
				CLANG_WARN_DEPRECATED_OBJC_IMPLEMENTATIONS = YES;
				CLANG_WARN_DIRECT_OBJC_ISA_USAGE = YES_ERROR;
				CLANG_WARN_DOCUMENTATION_COMMENTS = YES;
				CLANG_WARN_EMPTY_BODY = YES;
				CLANG_WARN_ENUM_CONVERSION = YES;
				CLANG_WARN_INFINITE_RECURSION = YES;
				CLANG_WARN_INT_CONVERSION = YES;
				CLANG_WARN_NON_LITERAL_NULL_CONVERSION = YES;
				CLANG_WARN_OBJC_IMPLICIT_RETAIN_SELF = YES;
				CLANG_WARN_OBJC_LITERAL_CONVERSION = YES;
				CLANG_WARN_OBJC_ROOT_CLASS = YES_ERROR;
				CLANG_WARN_QUOTED_INCLUDE_IN_FRAMEWORK_HEADER = YES;
				CLANG_WARN_RANGE_LOOP_ANALYSIS = YES;
				CLANG_WARN_STRICT_PROTOTYPES = YES;
				CLANG_WARN_SUSPICIOUS_MOVE = YES;
				CLANG_WARN_UNGUARDED_AVAILABILITY = YES_AGGRESSIVE;
				CLANG_WARN_UNREACHABLE_CODE = YES;
				CLANG_WARN__DUPLICATE_METHOD_MATCH = YES;
				COPY_PHASE_STRIP = NO;
				DEBUG_INFORMATION_FORMAT = "dwarf-with-dsym";
				ENABLE_NS_ASSERTIONS = NO;
				ENABLE_STRICT_OBJC_MSGSEND = YES;
				GCC_C_LANGUAGE_STANDARD = gnu11;
				GCC_NO_COMMON_BLOCKS = YES;
				GCC_WARN_64_TO_32_BIT_CONVERSION = YES;
				GCC_WARN_ABOUT_RETURN_TYPE = YES_ERROR;
				GCC_WARN_UNDECLARED_SELECTOR = YES;
				GCC_WARN_UNINITIALIZED_AUTOS = YES_AGGRESSIVE;
				GCC_WARN_UNUSED_FUNCTION = YES;
				GCC_WARN_UNUSED_VARIABLE = YES;
				IPHONEOS_DEPLOYMENT_TARGET = 16.4;
				MTL_ENABLE_DEBUG_INFO = NO;
				MTL_FAST_MATH = YES;
				SDKROOT = iphoneos;
				SWIFT_COMPILATION_MODE = wholemodule;
				SWIFT_OPTIMIZATION_LEVEL = "-O";
				VALIDATE_PRODUCT = YES;
			};
			name = Release;
		};
		01FD45A62A4AD98D00E2B75C /* Debug */ = {
			isa = XCBuildConfiguration;
			baseConfigurationReference = 333645FD87429945CD29CF55 /* Pods-Ricked.debug.xcconfig */;
			buildSettings = {
				ASSETCATALOG_COMPILER_APPICON_NAME = AppIcon;
				ASSETCATALOG_COMPILER_GLOBAL_ACCENT_COLOR_NAME = AccentColor;
				CODE_SIGN_STYLE = Automatic;
				CURRENT_PROJECT_VERSION = 1;
				DEVELOPMENT_TEAM = 9553YZB7F9;
				GENERATE_INFOPLIST_FILE = YES;
				INFOPLIST_FILE = Ricked/Info.plist;
				INFOPLIST_KEY_UIApplicationSupportsIndirectInputEvents = YES;
				INFOPLIST_KEY_UILaunchStoryboardName = LaunchScreen;
				INFOPLIST_KEY_UISupportedInterfaceOrientations_iPad = "UIInterfaceOrientationPortrait UIInterfaceOrientationPortraitUpsideDown UIInterfaceOrientationLandscapeLeft UIInterfaceOrientationLandscapeRight";
				INFOPLIST_KEY_UISupportedInterfaceOrientations_iPhone = "UIInterfaceOrientationPortrait UIInterfaceOrientationLandscapeLeft UIInterfaceOrientationLandscapeRight";
				LD_RUNPATH_SEARCH_PATHS = (
					"$(inherited)",
					"@executable_path/Frameworks",
				);
				MARKETING_VERSION = 1.0;
				PRODUCT_BUNDLE_IDENTIFIER = nad.Ricked;
				PRODUCT_NAME = "$(TARGET_NAME)";
				SWIFT_EMIT_LOC_STRINGS = YES;
				SWIFT_VERSION = 5.0;
				TARGETED_DEVICE_FAMILY = "1,2";
			};
			name = Debug;
		};
		01FD45A72A4AD98D00E2B75C /* Release */ = {
			isa = XCBuildConfiguration;
			baseConfigurationReference = 521A1513479875DD09CF087B /* Pods-Ricked.release.xcconfig */;
			buildSettings = {
				ASSETCATALOG_COMPILER_APPICON_NAME = AppIcon;
				ASSETCATALOG_COMPILER_GLOBAL_ACCENT_COLOR_NAME = AccentColor;
				CODE_SIGN_STYLE = Automatic;
				CURRENT_PROJECT_VERSION = 1;
				DEVELOPMENT_TEAM = 9553YZB7F9;
				GENERATE_INFOPLIST_FILE = YES;
				INFOPLIST_FILE = Ricked/Info.plist;
				INFOPLIST_KEY_UIApplicationSupportsIndirectInputEvents = YES;
				INFOPLIST_KEY_UILaunchStoryboardName = LaunchScreen;
				INFOPLIST_KEY_UISupportedInterfaceOrientations_iPad = "UIInterfaceOrientationPortrait UIInterfaceOrientationPortraitUpsideDown UIInterfaceOrientationLandscapeLeft UIInterfaceOrientationLandscapeRight";
				INFOPLIST_KEY_UISupportedInterfaceOrientations_iPhone = "UIInterfaceOrientationPortrait UIInterfaceOrientationLandscapeLeft UIInterfaceOrientationLandscapeRight";
				LD_RUNPATH_SEARCH_PATHS = (
					"$(inherited)",
					"@executable_path/Frameworks",
				);
				MARKETING_VERSION = 1.0;
				PRODUCT_BUNDLE_IDENTIFIER = nad.Ricked;
				PRODUCT_NAME = "$(TARGET_NAME)";
				SWIFT_EMIT_LOC_STRINGS = YES;
				SWIFT_VERSION = 5.0;
				TARGETED_DEVICE_FAMILY = "1,2";
			};
			name = Release;
		};
/* End XCBuildConfiguration section */

/* Begin XCConfigurationList section */
		01FD458C2A4AD98B00E2B75C /* Build configuration list for PBXProject "Ricked" */ = {
			isa = XCConfigurationList;
			buildConfigurations = (
				01FD45A32A4AD98D00E2B75C /* Debug */,
				01FD45A42A4AD98D00E2B75C /* Release */,
			);
			defaultConfigurationIsVisible = 0;
			defaultConfigurationName = Release;
		};
		01FD45A52A4AD98D00E2B75C /* Build configuration list for PBXNativeTarget "Ricked" */ = {
			isa = XCConfigurationList;
			buildConfigurations = (
				01FD45A62A4AD98D00E2B75C /* Debug */,
				01FD45A72A4AD98D00E2B75C /* Release */,
			);
			defaultConfigurationIsVisible = 0;
			defaultConfigurationName = Release;
		};
/* End XCConfigurationList section */
	};
	rootObject = 01FD45892A4AD98B00E2B75C /* Project object */;
}
